// !$*UTF8*$!
{
	archiveVersion = 1;
	classes = {
	};
	objectVersion = 46;
	objects = {

/* Begin PBXBuildFile section */
		2768D99F16C6C9C700F7B564 /* MainViewController.m in Sources */ = {isa = PBXBuildFile; fileRef = 2768D99E16C6C9C700F7B564 /* MainViewController.m */; };
		2768D9A216C6CB4700F7B564 /* IMG_0005.png in Resources */ = {isa = PBXBuildFile; fileRef = 2768D9A116C6CB4700F7B564 /* IMG_0005.png */; };
		2768D9A516C6E18F00F7B564 /* OtherUserViewController.m in Sources */ = {isa = PBXBuildFile; fileRef = 2768D9A416C6E18F00F7B564 /* OtherUserViewController.m */; };
		2768D9A816C6E71E00F7B564 /* MyViewController.m in Sources */ = {isa = PBXBuildFile; fileRef = 2768D9A716C6E71E00F7B564 /* MyViewController.m */; };
		2768D9AA16C6ECF000F7B564 /* QuartzCore.framework in Frameworks */ = {isa = PBXBuildFile; fileRef = 2768D9A916C6ECF000F7B564 /* QuartzCore.framework */; };
		2768D9AC16C6F05600F7B564 /* twit.png in Resources */ = {isa = PBXBuildFile; fileRef = 2768D9AB16C6F05600F7B564 /* twit.png */; };
		2768D9AE16C6F9E000F7B564 /* Shadown@2x.png in Resources */ = {isa = PBXBuildFile; fileRef = 2768D9AD16C6F9E000F7B564 /* Shadown@2x.png */; };
		2768D9B016C6FA3900F7B564 /* Shadown.png in Resources */ = {isa = PBXBuildFile; fileRef = 2768D9AF16C6FA3900F7B564 /* Shadown.png */; };
		2768D9B316C709BA00F7B564 /* ColorCell.m in Sources */ = {isa = PBXBuildFile; fileRef = 2768D9B216C709BA00F7B564 /* ColorCell.m */; };
		2768D9D516C70E6F00F7B564 /* ImageIO.framework in Frameworks */ = {isa = PBXBuildFile; fileRef = 2768D9D416C70E6F00F7B564 /* ImageIO.framework */; };
		2768D9EC16C70F5B00F7B564 /* MKAnnotationView+WebCache.m in Sources */ = {isa = PBXBuildFile; fileRef = 2768D9D816C70F5B00F7B564 /* MKAnnotationView+WebCache.m */; };
		2768D9ED16C70F5B00F7B564 /* SDImageCache.m in Sources */ = {isa = PBXBuildFile; fileRef = 2768D9DA16C70F5B00F7B564 /* SDImageCache.m */; };
		2768D9EE16C70F5B00F7B564 /* SDWebImageCompat.m in Sources */ = {isa = PBXBuildFile; fileRef = 2768D9DC16C70F5B00F7B564 /* SDWebImageCompat.m */; };
		2768D9EF16C70F5B00F7B564 /* SDWebImageDecoder.m in Sources */ = {isa = PBXBuildFile; fileRef = 2768D9DE16C70F5B00F7B564 /* SDWebImageDecoder.m */; };
		2768D9F016C70F5B00F7B564 /* SDWebImageDownloader.m in Sources */ = {isa = PBXBuildFile; fileRef = 2768D9E016C70F5B00F7B564 /* SDWebImageDownloader.m */; };
		2768D9F116C70F5B00F7B564 /* SDWebImageDownloaderOperation.m in Sources */ = {isa = PBXBuildFile; fileRef = 2768D9E216C70F5B00F7B564 /* SDWebImageDownloaderOperation.m */; };
		2768D9F216C70F5B00F7B564 /* SDWebImageManager.m in Sources */ = {isa = PBXBuildFile; fileRef = 2768D9E416C70F5B00F7B564 /* SDWebImageManager.m */; };
		2768D9F316C70F5B00F7B564 /* SDWebImagePrefetcher.m in Sources */ = {isa = PBXBuildFile; fileRef = 2768D9E716C70F5B00F7B564 /* SDWebImagePrefetcher.m */; };
		2768D9F416C70F5B00F7B564 /* UIButton+WebCache.m in Sources */ = {isa = PBXBuildFile; fileRef = 2768D9E916C70F5B00F7B564 /* UIButton+WebCache.m */; };
		2768D9F516C70F5B00F7B564 /* UIImageView+WebCache.m in Sources */ = {isa = PBXBuildFile; fileRef = 2768D9EB16C70F5B00F7B564 /* UIImageView+WebCache.m */; };
		2768D9F716C70F8000F7B564 /* MapKit.framework in Frameworks */ = {isa = PBXBuildFile; fileRef = 2768D9F616C70F8000F7B564 /* MapKit.framework */; };
		2768D9FA16C716BC00F7B564 /* TweetCell.m in Sources */ = {isa = PBXBuildFile; fileRef = 2768D9F916C716BC00F7B564 /* TweetCell.m */; };
		2768D9FD16C7305700F7B564 /* TWAPIManager.m in Sources */ = {isa = PBXBuildFile; fileRef = 2768D9FC16C7305700F7B564 /* TWAPIManager.m */; };
		2768D9FF16C7306400F7B564 /* Social.framework in Frameworks */ = {isa = PBXBuildFile; fileRef = 2768D9FE16C7306400F7B564 /* Social.framework */; };
		2768DA0116C7306800F7B564 /* Accounts.framework in Frameworks */ = {isa = PBXBuildFile; fileRef = 2768DA0016C7306800F7B564 /* Accounts.framework */; };
		2768DA0316C7312000F7B564 /* Twitter.framework in Frameworks */ = {isa = PBXBuildFile; fileRef = 2768DA0216C7312000F7B564 /* Twitter.framework */; };
		2768DA0616C7314F00F7B564 /* TWSignedRequest.m in Sources */ = {isa = PBXBuildFile; fileRef = 2768DA0516C7314E00F7B564 /* TWSignedRequest.m */; };
		2768DA0F16C731B600F7B564 /* NSData+Base64.m in Sources */ = {isa = PBXBuildFile; fileRef = 2768DA0A16C731B600F7B564 /* NSData+Base64.m */; settings = {COMPILER_FLAGS = " -fno-objc-arc"; }; };
		2768DA1016C731B600F7B564 /* OAuth+Additions.m in Sources */ = {isa = PBXBuildFile; fileRef = 2768DA0C16C731B600F7B564 /* OAuth+Additions.m */; settings = {COMPILER_FLAGS = " -fno-objc-arc"; }; };
		2768DA1116C731B600F7B564 /* OAuthCore.m in Sources */ = {isa = PBXBuildFile; fileRef = 2768DA0E16C731B600F7B564 /* OAuthCore.m */; settings = {COMPILER_FLAGS = " -fno-objc-arc"; }; };
		2768DA1216C7344B00F7B564 /* TWAPIManager.m in Sources */ = {isa = PBXBuildFile; fileRef = 2768D9FC16C7305700F7B564 /* TWAPIManager.m */; };
		2768DA1316C7345500F7B564 /* TWSignedRequest.m in Sources */ = {isa = PBXBuildFile; fileRef = 2768DA0516C7314E00F7B564 /* TWSignedRequest.m */; };
		2768DA1716C7498200F7B564 /* Searchbar.png in Resources */ = {isa = PBXBuildFile; fileRef = 2768DA1616C7498200F7B564 /* Searchbar.png */; };
		2768DA1A16C74BD900F7B564 /* smile1.png in Resources */ = {isa = PBXBuildFile; fileRef = 2768DA1816C74BD900F7B564 /* smile1.png */; };
		2768DA1B16C74BD900F7B564 /* smile1@2x.png in Resources */ = {isa = PBXBuildFile; fileRef = 2768DA1916C74BD900F7B564 /* smile1@2x.png */; };
		2768DA1D16C74CC500F7B564 /* Searchbar2.png in Resources */ = {isa = PBXBuildFile; fileRef = 2768DA1C16C74CC500F7B564 /* Searchbar2.png */; };
		2768DA1F16C74CCE00F7B564 /* Searchbar2@2x.png in Resources */ = {isa = PBXBuildFile; fileRef = 2768DA1E16C74CCE00F7B564 /* Searchbar2@2x.png */; };
		2768DA2116C76E9100F7B564 /* Landing@2x.png in Resources */ = {isa = PBXBuildFile; fileRef = 2768DA2016C76E9100F7B564 /* Landing@2x.png */; };
		2768DA2316C76E9700F7B564 /* Landing.png in Resources */ = {isa = PBXBuildFile; fileRef = 2768DA2216C76E9700F7B564 /* Landing.png */; };
		27C394B216C813CA00046140 /* Face_white-1.png in Resources */ = {isa = PBXBuildFile; fileRef = 27C3948116C813CA00046140 /* Face_white-1.png */; };
		27C394B316C813CA00046140 /* Face_white-2.png in Resources */ = {isa = PBXBuildFile; fileRef = 27C3948216C813CA00046140 /* Face_white-2.png */; };
		27C394B416C813CA00046140 /* Face_white-3.png in Resources */ = {isa = PBXBuildFile; fileRef = 27C3948316C813CA00046140 /* Face_white-3.png */; };
		27C394B516C813CA00046140 /* Face_white-4.png in Resources */ = {isa = PBXBuildFile; fileRef = 27C3948416C813CA00046140 /* Face_white-4.png */; };
		27C394B616C813CA00046140 /* Face_white-5.png in Resources */ = {isa = PBXBuildFile; fileRef = 27C3948516C813CA00046140 /* Face_white-5.png */; };
		27C394B716C813CA00046140 /* Face_white-6.png in Resources */ = {isa = PBXBuildFile; fileRef = 27C3948616C813CA00046140 /* Face_white-6.png */; };
		27C394B816C813CA00046140 /* Face_white-7.png in Resources */ = {isa = PBXBuildFile; fileRef = 27C3948716C813CA00046140 /* Face_white-7.png */; };
		27C394B916C813CA00046140 /* Face_white-8.png in Resources */ = {isa = PBXBuildFile; fileRef = 27C3948816C813CA00046140 /* Face_white-8.png */; };
		27C394BA16C813CA00046140 /* Face_white-9.png in Resources */ = {isa = PBXBuildFile; fileRef = 27C3948916C813CA00046140 /* Face_white-9.png */; };
		27C394BB16C813CA00046140 /* Face_white-10.png in Resources */ = {isa = PBXBuildFile; fileRef = 27C3948A16C813CA00046140 /* Face_white-10.png */; };
		27C394BC16C813CA00046140 /* Face_white-11.png in Resources */ = {isa = PBXBuildFile; fileRef = 27C3948B16C813CA00046140 /* Face_white-11.png */; };
		27C394BD16C813CA00046140 /* Face_white-12.png in Resources */ = {isa = PBXBuildFile; fileRef = 27C3948C16C813CA00046140 /* Face_white-12.png */; };
		27C394BE16C813CA00046140 /* Face_white-13.png in Resources */ = {isa = PBXBuildFile; fileRef = 27C3948D16C813CA00046140 /* Face_white-13.png */; };
		27C394BF16C813CA00046140 /* Face_white-14.png in Resources */ = {isa = PBXBuildFile; fileRef = 27C3948E16C813CA00046140 /* Face_white-14.png */; };
		27C394C016C813CA00046140 /* Face_white-15.png in Resources */ = {isa = PBXBuildFile; fileRef = 27C3948F16C813CA00046140 /* Face_white-15.png */; };
		27C394C116C813CA00046140 /* Face_white-16.png in Resources */ = {isa = PBXBuildFile; fileRef = 27C3949016C813CA00046140 /* Face_white-16.png */; };
		27C394C216C813CA00046140 /* Face_white-17.png in Resources */ = {isa = PBXBuildFile; fileRef = 27C3949116C813CA00046140 /* Face_white-17.png */; };
		27C394C316C813CA00046140 /* Face_white-18.png in Resources */ = {isa = PBXBuildFile; fileRef = 27C3949216C813CA00046140 /* Face_white-18.png */; };
		27C394C416C813CA00046140 /* Face_white-19.png in Resources */ = {isa = PBXBuildFile; fileRef = 27C3949316C813CA00046140 /* Face_white-19.png */; };
		27C394C516C813CA00046140 /* Face_white-20.png in Resources */ = {isa = PBXBuildFile; fileRef = 27C3949416C813CA00046140 /* Face_white-20.png */; };
		27C394C616C813CA00046140 /* Face_white-21.png in Resources */ = {isa = PBXBuildFile; fileRef = 27C3949516C813CA00046140 /* Face_white-21.png */; };
		27C394C716C813CA00046140 /* Face_white-22.png in Resources */ = {isa = PBXBuildFile; fileRef = 27C3949616C813CA00046140 /* Face_white-22.png */; };
		27C394C816C813CA00046140 /* Face_white-23.png in Resources */ = {isa = PBXBuildFile; fileRef = 27C3949716C813CA00046140 /* Face_white-23.png */; };
		27C394C916C813CA00046140 /* Face_white-24.png in Resources */ = {isa = PBXBuildFile; fileRef = 27C3949816C813CA00046140 /* Face_white-24.png */; };
		27C394CA16C813CA00046140 /* Face_white-25.png in Resources */ = {isa = PBXBuildFile; fileRef = 27C3949916C813CA00046140 /* Face_white-25.png */; };
		27C394CB16C813CA00046140 /* Face_white-26.png in Resources */ = {isa = PBXBuildFile; fileRef = 27C3949A16C813CA00046140 /* Face_white-26.png */; };
		27C394CC16C813CA00046140 /* Face_white-27.png in Resources */ = {isa = PBXBuildFile; fileRef = 27C3949B16C813CA00046140 /* Face_white-27.png */; };
		27C394CD16C813CA00046140 /* Face_white-28.png in Resources */ = {isa = PBXBuildFile; fileRef = 27C3949C16C813CA00046140 /* Face_white-28.png */; };
		27C394CE16C813CA00046140 /* Face_white-29.png in Resources */ = {isa = PBXBuildFile; fileRef = 27C3949D16C813CA00046140 /* Face_white-29.png */; };
		27C394CF16C813CA00046140 /* Face_white-30.png in Resources */ = {isa = PBXBuildFile; fileRef = 27C3949E16C813CA00046140 /* Face_white-30.png */; };
		27C394D016C813CA00046140 /* Face_white-31.png in Resources */ = {isa = PBXBuildFile; fileRef = 27C3949F16C813CA00046140 /* Face_white-31.png */; };
		27C394D116C813CA00046140 /* Face_white-32.png in Resources */ = {isa = PBXBuildFile; fileRef = 27C394A016C813CA00046140 /* Face_white-32.png */; };
		27C394D216C813CA00046140 /* Face_white-33.png in Resources */ = {isa = PBXBuildFile; fileRef = 27C394A116C813CA00046140 /* Face_white-33.png */; };
		27C394D316C813CA00046140 /* Face_white-34.png in Resources */ = {isa = PBXBuildFile; fileRef = 27C394A216C813CA00046140 /* Face_white-34.png */; };
		27C394D416C813CA00046140 /* Face_white-35.png in Resources */ = {isa = PBXBuildFile; fileRef = 27C394A316C813CA00046140 /* Face_white-35.png */; };
		27C394D516C813CA00046140 /* Face_white-36.png in Resources */ = {isa = PBXBuildFile; fileRef = 27C394A416C813CA00046140 /* Face_white-36.png */; };
		27C394D616C813CA00046140 /* Face_white-37.png in Resources */ = {isa = PBXBuildFile; fileRef = 27C394A516C813CA00046140 /* Face_white-37.png */; };
		27C394D716C813CA00046140 /* Face_white-38.png in Resources */ = {isa = PBXBuildFile; fileRef = 27C394A616C813CA00046140 /* Face_white-38.png */; };
		27C394D816C813CA00046140 /* Face_white-39.png in Resources */ = {isa = PBXBuildFile; fileRef = 27C394A716C813CA00046140 /* Face_white-39.png */; };
		27C394D916C813CA00046140 /* Face_white-40.png in Resources */ = {isa = PBXBuildFile; fileRef = 27C394A816C813CA00046140 /* Face_white-40.png */; };
		27C394DA16C813CA00046140 /* Face_white-41.png in Resources */ = {isa = PBXBuildFile; fileRef = 27C394A916C813CA00046140 /* Face_white-41.png */; };
		27C394DB16C813CA00046140 /* Face_white-42.png in Resources */ = {isa = PBXBuildFile; fileRef = 27C394AA16C813CA00046140 /* Face_white-42.png */; };
		27C394DC16C813CA00046140 /* Face_white-43.png in Resources */ = {isa = PBXBuildFile; fileRef = 27C394AB16C813CA00046140 /* Face_white-43.png */; };
		27C394DD16C813CA00046140 /* Face_white-44.png in Resources */ = {isa = PBXBuildFile; fileRef = 27C394AC16C813CA00046140 /* Face_white-44.png */; };
		27C394DE16C813CA00046140 /* Face_white-45.png in Resources */ = {isa = PBXBuildFile; fileRef = 27C394AD16C813CA00046140 /* Face_white-45.png */; };
		27C394DF16C813CA00046140 /* Face_white-46.png in Resources */ = {isa = PBXBuildFile; fileRef = 27C394AE16C813CA00046140 /* Face_white-46.png */; };
		27C394E016C813CA00046140 /* Face_white-47.png in Resources */ = {isa = PBXBuildFile; fileRef = 27C394AF16C813CA00046140 /* Face_white-47.png */; };
		27C394E116C813CA00046140 /* Face_white-48.png in Resources */ = {isa = PBXBuildFile; fileRef = 27C394B016C813CA00046140 /* Face_white-48.png */; };
		27C394E216C813CA00046140 /* Face_white-49.png in Resources */ = {isa = PBXBuildFile; fileRef = 27C394B116C813CA00046140 /* Face_white-49.png */; };
		27C394E416C81E0E00046140 /* IconSmall.png in Resources */ = {isa = PBXBuildFile; fileRef = 27C394E316C81E0E00046140 /* IconSmall.png */; };
		27C394E616C81E1100046140 /* IconBig.png in Resources */ = {isa = PBXBuildFile; fileRef = 27C394E516C81E1100046140 /* IconBig.png */; };
		27C394E816C8220300046140 /* GradientFlip.png in Resources */ = {isa = PBXBuildFile; fileRef = 27C394E716C8220300046140 /* GradientFlip.png */; };
		27C394EA16C8222300046140 /* IconFlippedSmall.png in Resources */ = {isa = PBXBuildFile; fileRef = 27C394E916C8222300046140 /* IconFlippedSmall.png */; };
		27C394EC16C8222500046140 /* IconFlippedBig.png in Resources */ = {isa = PBXBuildFile; fileRef = 27C394EB16C8222500046140 /* IconFlippedBig.png */; };
		27F96B1A16C6B4A800A84F1F /* UIKit.framework in Frameworks */ = {isa = PBXBuildFile; fileRef = 27F96B1916C6B4A800A84F1F /* UIKit.framework */; };
		27F96B1C16C6B4A800A84F1F /* Foundation.framework in Frameworks */ = {isa = PBXBuildFile; fileRef = 27F96B1B16C6B4A800A84F1F /* Foundation.framework */; };
		27F96B1E16C6B4A800A84F1F /* CoreGraphics.framework in Frameworks */ = {isa = PBXBuildFile; fileRef = 27F96B1D16C6B4A800A84F1F /* CoreGraphics.framework */; };
		27F96B2416C6B4A800A84F1F /* InfoPlist.strings in Resources */ = {isa = PBXBuildFile; fileRef = 27F96B2216C6B4A800A84F1F /* InfoPlist.strings */; };
		27F96B2616C6B4A800A84F1F /* main.m in Sources */ = {isa = PBXBuildFile; fileRef = 27F96B2516C6B4A800A84F1F /* main.m */; };
		27F96B2A16C6B4A800A84F1F /* AppDelegate.m in Sources */ = {isa = PBXBuildFile; fileRef = 27F96B2916C6B4A800A84F1F /* AppDelegate.m */; };
		27F96B2C16C6B4A800A84F1F /* Default.png in Resources */ = {isa = PBXBuildFile; fileRef = 27F96B2B16C6B4A800A84F1F /* Default.png */; };
		27F96B2E16C6B4A800A84F1F /* Default@2x.png in Resources */ = {isa = PBXBuildFile; fileRef = 27F96B2D16C6B4A800A84F1F /* Default@2x.png */; };
		27F96B3016C6B4A800A84F1F /* Default-568h@2x.png in Resources */ = {isa = PBXBuildFile; fileRef = 27F96B2F16C6B4A800A84F1F /* Default-568h@2x.png */; };
		27F96B3316C6B4A800A84F1F /* MainStoryboard.storyboard in Resources */ = {isa = PBXBuildFile; fileRef = 27F96B3116C6B4A800A84F1F /* MainStoryboard.storyboard */; };
		27F96B3616C6B4A800A84F1F /* ViewController.m in Sources */ = {isa = PBXBuildFile; fileRef = 27F96B3516C6B4A800A84F1F /* ViewController.m */; };
		27F96B3E16C6B4A900A84F1F /* SenTestingKit.framework in Frameworks */ = {isa = PBXBuildFile; fileRef = 27F96B3D16C6B4A900A84F1F /* SenTestingKit.framework */; };
		27F96B3F16C6B4A900A84F1F /* UIKit.framework in Frameworks */ = {isa = PBXBuildFile; fileRef = 27F96B1916C6B4A800A84F1F /* UIKit.framework */; };
		27F96B4016C6B4A900A84F1F /* Foundation.framework in Frameworks */ = {isa = PBXBuildFile; fileRef = 27F96B1B16C6B4A800A84F1F /* Foundation.framework */; };
		27F96B4816C6B4A900A84F1F /* InfoPlist.strings in Resources */ = {isa = PBXBuildFile; fileRef = 27F96B4616C6B4A900A84F1F /* InfoPlist.strings */; };
		27F96B4B16C6B4A900A84F1F /* moodyfriendsTests.m in Sources */ = {isa = PBXBuildFile; fileRef = 27F96B4A16C6B4A900A84F1F /* moodyfriendsTests.m */; };
/* End PBXBuildFile section */

/* Begin PBXContainerItemProxy section */
		27F96B4116C6B4A900A84F1F /* PBXContainerItemProxy */ = {
			isa = PBXContainerItemProxy;
			containerPortal = 27F96B0E16C6B4A800A84F1F /* Project object */;
			proxyType = 1;
			remoteGlobalIDString = 27F96B1516C6B4A800A84F1F;
			remoteInfo = moodyfriends;
		};
/* End PBXContainerItemProxy section */

/* Begin PBXFileReference section */
		2768D99D16C6C9C700F7B564 /* MainViewController.h */ = {isa = PBXFileReference; fileEncoding = 4; lastKnownFileType = sourcecode.c.h; path = MainViewController.h; sourceTree = "<group>"; };
		2768D99E16C6C9C700F7B564 /* MainViewController.m */ = {isa = PBXFileReference; fileEncoding = 4; lastKnownFileType = sourcecode.c.objc; path = MainViewController.m; sourceTree = "<group>"; };
		2768D9A116C6CB4700F7B564 /* IMG_0005.png */ = {isa = PBXFileReference; lastKnownFileType = image.png; path = IMG_0005.png; sourceTree = "<group>"; };
		2768D9A316C6E18F00F7B564 /* OtherUserViewController.h */ = {isa = PBXFileReference; fileEncoding = 4; lastKnownFileType = sourcecode.c.h; path = OtherUserViewController.h; sourceTree = "<group>"; };
		2768D9A416C6E18F00F7B564 /* OtherUserViewController.m */ = {isa = PBXFileReference; fileEncoding = 4; lastKnownFileType = sourcecode.c.objc; path = OtherUserViewController.m; sourceTree = "<group>"; };
		2768D9A616C6E71D00F7B564 /* MyViewController.h */ = {isa = PBXFileReference; fileEncoding = 4; lastKnownFileType = sourcecode.c.h; path = MyViewController.h; sourceTree = "<group>"; };
		2768D9A716C6E71E00F7B564 /* MyViewController.m */ = {isa = PBXFileReference; fileEncoding = 4; lastKnownFileType = sourcecode.c.objc; path = MyViewController.m; sourceTree = "<group>"; };
		2768D9A916C6ECF000F7B564 /* QuartzCore.framework */ = {isa = PBXFileReference; lastKnownFileType = wrapper.framework; name = QuartzCore.framework; path = System/Library/Frameworks/QuartzCore.framework; sourceTree = SDKROOT; };
		2768D9AB16C6F05600F7B564 /* twit.png */ = {isa = PBXFileReference; lastKnownFileType = image.png; name = twit.png; path = ../../../../../Pictures/twit.png; sourceTree = "<group>"; };
		2768D9AD16C6F9E000F7B564 /* Shadown@2x.png */ = {isa = PBXFileReference; lastKnownFileType = image.png; path = "Shadown@2x.png"; sourceTree = "<group>"; };
		2768D9AF16C6FA3900F7B564 /* Shadown.png */ = {isa = PBXFileReference; lastKnownFileType = image.png; path = Shadown.png; sourceTree = "<group>"; };
		2768D9B116C709BA00F7B564 /* ColorCell.h */ = {isa = PBXFileReference; fileEncoding = 4; lastKnownFileType = sourcecode.c.h; path = ColorCell.h; sourceTree = "<group>"; };
		2768D9B216C709BA00F7B564 /* ColorCell.m */ = {isa = PBXFileReference; fileEncoding = 4; lastKnownFileType = sourcecode.c.objc; path = ColorCell.m; sourceTree = "<group>"; };
		2768D9D416C70E6F00F7B564 /* ImageIO.framework */ = {isa = PBXFileReference; lastKnownFileType = wrapper.framework; name = ImageIO.framework; path = System/Library/Frameworks/ImageIO.framework; sourceTree = SDKROOT; };
		2768D9D716C70F5B00F7B564 /* MKAnnotationView+WebCache.h */ = {isa = PBXFileReference; fileEncoding = 4; lastKnownFileType = sourcecode.c.h; path = "MKAnnotationView+WebCache.h"; sourceTree = "<group>"; };
		2768D9D816C70F5B00F7B564 /* MKAnnotationView+WebCache.m */ = {isa = PBXFileReference; fileEncoding = 4; lastKnownFileType = sourcecode.c.objc; path = "MKAnnotationView+WebCache.m"; sourceTree = "<group>"; };
		2768D9D916C70F5B00F7B564 /* SDImageCache.h */ = {isa = PBXFileReference; fileEncoding = 4; lastKnownFileType = sourcecode.c.h; path = SDImageCache.h; sourceTree = "<group>"; };
		2768D9DA16C70F5B00F7B564 /* SDImageCache.m */ = {isa = PBXFileReference; fileEncoding = 4; lastKnownFileType = sourcecode.c.objc; path = SDImageCache.m; sourceTree = "<group>"; };
		2768D9DB16C70F5B00F7B564 /* SDWebImageCompat.h */ = {isa = PBXFileReference; fileEncoding = 4; lastKnownFileType = sourcecode.c.h; path = SDWebImageCompat.h; sourceTree = "<group>"; };
		2768D9DC16C70F5B00F7B564 /* SDWebImageCompat.m */ = {isa = PBXFileReference; fileEncoding = 4; lastKnownFileType = sourcecode.c.objc; path = SDWebImageCompat.m; sourceTree = "<group>"; };
		2768D9DD16C70F5B00F7B564 /* SDWebImageDecoder.h */ = {isa = PBXFileReference; fileEncoding = 4; lastKnownFileType = sourcecode.c.h; path = SDWebImageDecoder.h; sourceTree = "<group>"; };
		2768D9DE16C70F5B00F7B564 /* SDWebImageDecoder.m */ = {isa = PBXFileReference; fileEncoding = 4; lastKnownFileType = sourcecode.c.objc; path = SDWebImageDecoder.m; sourceTree = "<group>"; };
		2768D9DF16C70F5B00F7B564 /* SDWebImageDownloader.h */ = {isa = PBXFileReference; fileEncoding = 4; lastKnownFileType = sourcecode.c.h; path = SDWebImageDownloader.h; sourceTree = "<group>"; };
		2768D9E016C70F5B00F7B564 /* SDWebImageDownloader.m */ = {isa = PBXFileReference; fileEncoding = 4; lastKnownFileType = sourcecode.c.objc; path = SDWebImageDownloader.m; sourceTree = "<group>"; };
		2768D9E116C70F5B00F7B564 /* SDWebImageDownloaderOperation.h */ = {isa = PBXFileReference; fileEncoding = 4; lastKnownFileType = sourcecode.c.h; path = SDWebImageDownloaderOperation.h; sourceTree = "<group>"; };
		2768D9E216C70F5B00F7B564 /* SDWebImageDownloaderOperation.m */ = {isa = PBXFileReference; fileEncoding = 4; lastKnownFileType = sourcecode.c.objc; path = SDWebImageDownloaderOperation.m; sourceTree = "<group>"; };
		2768D9E316C70F5B00F7B564 /* SDWebImageManager.h */ = {isa = PBXFileReference; fileEncoding = 4; lastKnownFileType = sourcecode.c.h; path = SDWebImageManager.h; sourceTree = "<group>"; };
		2768D9E416C70F5B00F7B564 /* SDWebImageManager.m */ = {isa = PBXFileReference; fileEncoding = 4; lastKnownFileType = sourcecode.c.objc; path = SDWebImageManager.m; sourceTree = "<group>"; };
		2768D9E516C70F5B00F7B564 /* SDWebImageOperation.h */ = {isa = PBXFileReference; fileEncoding = 4; lastKnownFileType = sourcecode.c.h; path = SDWebImageOperation.h; sourceTree = "<group>"; };
		2768D9E616C70F5B00F7B564 /* SDWebImagePrefetcher.h */ = {isa = PBXFileReference; fileEncoding = 4; lastKnownFileType = sourcecode.c.h; path = SDWebImagePrefetcher.h; sourceTree = "<group>"; };
		2768D9E716C70F5B00F7B564 /* SDWebImagePrefetcher.m */ = {isa = PBXFileReference; fileEncoding = 4; lastKnownFileType = sourcecode.c.objc; path = SDWebImagePrefetcher.m; sourceTree = "<group>"; };
		2768D9E816C70F5B00F7B564 /* UIButton+WebCache.h */ = {isa = PBXFileReference; fileEncoding = 4; lastKnownFileType = sourcecode.c.h; path = "UIButton+WebCache.h"; sourceTree = "<group>"; };
		2768D9E916C70F5B00F7B564 /* UIButton+WebCache.m */ = {isa = PBXFileReference; fileEncoding = 4; lastKnownFileType = sourcecode.c.objc; path = "UIButton+WebCache.m"; sourceTree = "<group>"; };
		2768D9EA16C70F5B00F7B564 /* UIImageView+WebCache.h */ = {isa = PBXFileReference; fileEncoding = 4; lastKnownFileType = sourcecode.c.h; path = "UIImageView+WebCache.h"; sourceTree = "<group>"; };
		2768D9EB16C70F5B00F7B564 /* UIImageView+WebCache.m */ = {isa = PBXFileReference; fileEncoding = 4; lastKnownFileType = sourcecode.c.objc; path = "UIImageView+WebCache.m"; sourceTree = "<group>"; };
		2768D9F616C70F8000F7B564 /* MapKit.framework */ = {isa = PBXFileReference; lastKnownFileType = wrapper.framework; name = MapKit.framework; path = System/Library/Frameworks/MapKit.framework; sourceTree = SDKROOT; };
		2768D9F816C716BC00F7B564 /* TweetCell.h */ = {isa = PBXFileReference; fileEncoding = 4; lastKnownFileType = sourcecode.c.h; path = TweetCell.h; sourceTree = "<group>"; };
		2768D9F916C716BC00F7B564 /* TweetCell.m */ = {isa = PBXFileReference; fileEncoding = 4; lastKnownFileType = sourcecode.c.objc; path = TweetCell.m; sourceTree = "<group>"; };
		2768D9FB16C7305700F7B564 /* TWAPIManager.h */ = {isa = PBXFileReference; fileEncoding = 4; lastKnownFileType = sourcecode.c.h; name = TWAPIManager.h; path = ../TWAPIManager.h; sourceTree = "<group>"; };
		2768D9FC16C7305700F7B564 /* TWAPIManager.m */ = {isa = PBXFileReference; fileEncoding = 4; lastKnownFileType = sourcecode.c.objc; name = TWAPIManager.m; path = ../TWAPIManager.m; sourceTree = "<group>"; };
		2768D9FE16C7306400F7B564 /* Social.framework */ = {isa = PBXFileReference; lastKnownFileType = wrapper.framework; name = Social.framework; path = System/Library/Frameworks/Social.framework; sourceTree = SDKROOT; };
		2768DA0016C7306800F7B564 /* Accounts.framework */ = {isa = PBXFileReference; lastKnownFileType = wrapper.framework; name = Accounts.framework; path = System/Library/Frameworks/Accounts.framework; sourceTree = SDKROOT; };
		2768DA0216C7312000F7B564 /* Twitter.framework */ = {isa = PBXFileReference; lastKnownFileType = wrapper.framework; name = Twitter.framework; path = System/Library/Frameworks/Twitter.framework; sourceTree = SDKROOT; };
		2768DA0416C7314E00F7B564 /* TWSignedRequest.h */ = {isa = PBXFileReference; fileEncoding = 4; lastKnownFileType = sourcecode.c.h; name = TWSignedRequest.h; path = ../TWSignedRequest.h; sourceTree = "<group>"; };
		2768DA0516C7314E00F7B564 /* TWSignedRequest.m */ = {isa = PBXFileReference; fileEncoding = 4; lastKnownFileType = sourcecode.c.objc; name = TWSignedRequest.m; path = ../TWSignedRequest.m; sourceTree = "<group>"; };
		2768DA0916C731B600F7B564 /* NSData+Base64.h */ = {isa = PBXFileReference; fileEncoding = 4; lastKnownFileType = sourcecode.c.h; path = "NSData+Base64.h"; sourceTree = "<group>"; };
		2768DA0A16C731B600F7B564 /* NSData+Base64.m */ = {isa = PBXFileReference; fileEncoding = 4; lastKnownFileType = sourcecode.c.objc; path = "NSData+Base64.m"; sourceTree = "<group>"; };
		2768DA0B16C731B600F7B564 /* OAuth+Additions.h */ = {isa = PBXFileReference; fileEncoding = 4; lastKnownFileType = sourcecode.c.h; path = "OAuth+Additions.h"; sourceTree = "<group>"; };
		2768DA0C16C731B600F7B564 /* OAuth+Additions.m */ = {isa = PBXFileReference; fileEncoding = 4; lastKnownFileType = sourcecode.c.objc; path = "OAuth+Additions.m"; sourceTree = "<group>"; };
		2768DA0D16C731B600F7B564 /* OAuthCore.h */ = {isa = PBXFileReference; fileEncoding = 4; lastKnownFileType = sourcecode.c.h; path = OAuthCore.h; sourceTree = "<group>"; };
		2768DA0E16C731B600F7B564 /* OAuthCore.m */ = {isa = PBXFileReference; fileEncoding = 4; lastKnownFileType = sourcecode.c.objc; path = OAuthCore.m; sourceTree = "<group>"; };
		2768DA1616C7498200F7B564 /* Searchbar.png */ = {isa = PBXFileReference; lastKnownFileType = image.png; path = Searchbar.png; sourceTree = "<group>"; };
		2768DA1816C74BD900F7B564 /* smile1.png */ = {isa = PBXFileReference; lastKnownFileType = image.png; path = smile1.png; sourceTree = "<group>"; };
		2768DA1916C74BD900F7B564 /* smile1@2x.png */ = {isa = PBXFileReference; lastKnownFileType = image.png; path = "smile1@2x.png"; sourceTree = "<group>"; };
		2768DA1C16C74CC500F7B564 /* Searchbar2.png */ = {isa = PBXFileReference; lastKnownFileType = image.png; path = Searchbar2.png; sourceTree = "<group>"; };
		2768DA1E16C74CCE00F7B564 /* Searchbar2@2x.png */ = {isa = PBXFileReference; lastKnownFileType = image.png; path = "Searchbar2@2x.png"; sourceTree = "<group>"; };
		2768DA2016C76E9100F7B564 /* Landing@2x.png */ = {isa = PBXFileReference; lastKnownFileType = image.png; path = "Landing@2x.png"; sourceTree = "<group>"; };
		2768DA2216C76E9700F7B564 /* Landing.png */ = {isa = PBXFileReference; lastKnownFileType = image.png; path = Landing.png; sourceTree = "<group>"; };
		27C3948116C813CA00046140 /* Face_white-1.png */ = {isa = PBXFileReference; lastKnownFileType = image.png; path = "Face_white-1.png"; sourceTree = "<group>"; };
		27C3948216C813CA00046140 /* Face_white-2.png */ = {isa = PBXFileReference; lastKnownFileType = image.png; path = "Face_white-2.png"; sourceTree = "<group>"; };
		27C3948316C813CA00046140 /* Face_white-3.png */ = {isa = PBXFileReference; lastKnownFileType = image.png; path = "Face_white-3.png"; sourceTree = "<group>"; };
		27C3948416C813CA00046140 /* Face_white-4.png */ = {isa = PBXFileReference; lastKnownFileType = image.png; path = "Face_white-4.png"; sourceTree = "<group>"; };
		27C3948516C813CA00046140 /* Face_white-5.png */ = {isa = PBXFileReference; lastKnownFileType = image.png; path = "Face_white-5.png"; sourceTree = "<group>"; };
		27C3948616C813CA00046140 /* Face_white-6.png */ = {isa = PBXFileReference; lastKnownFileType = image.png; path = "Face_white-6.png"; sourceTree = "<group>"; };
		27C3948716C813CA00046140 /* Face_white-7.png */ = {isa = PBXFileReference; lastKnownFileType = image.png; path = "Face_white-7.png"; sourceTree = "<group>"; };
		27C3948816C813CA00046140 /* Face_white-8.png */ = {isa = PBXFileReference; lastKnownFileType = image.png; path = "Face_white-8.png"; sourceTree = "<group>"; };
		27C3948916C813CA00046140 /* Face_white-9.png */ = {isa = PBXFileReference; lastKnownFileType = image.png; path = "Face_white-9.png"; sourceTree = "<group>"; };
		27C3948A16C813CA00046140 /* Face_white-10.png */ = {isa = PBXFileReference; lastKnownFileType = image.png; path = "Face_white-10.png"; sourceTree = "<group>"; };
		27C3948B16C813CA00046140 /* Face_white-11.png */ = {isa = PBXFileReference; lastKnownFileType = image.png; path = "Face_white-11.png"; sourceTree = "<group>"; };
		27C3948C16C813CA00046140 /* Face_white-12.png */ = {isa = PBXFileReference; lastKnownFileType = image.png; path = "Face_white-12.png"; sourceTree = "<group>"; };
		27C3948D16C813CA00046140 /* Face_white-13.png */ = {isa = PBXFileReference; lastKnownFileType = image.png; path = "Face_white-13.png"; sourceTree = "<group>"; };
		27C3948E16C813CA00046140 /* Face_white-14.png */ = {isa = PBXFileReference; lastKnownFileType = image.png; path = "Face_white-14.png"; sourceTree = "<group>"; };
		27C3948F16C813CA00046140 /* Face_white-15.png */ = {isa = PBXFileReference; lastKnownFileType = image.png; path = "Face_white-15.png"; sourceTree = "<group>"; };
		27C3949016C813CA00046140 /* Face_white-16.png */ = {isa = PBXFileReference; lastKnownFileType = image.png; path = "Face_white-16.png"; sourceTree = "<group>"; };
		27C3949116C813CA00046140 /* Face_white-17.png */ = {isa = PBXFileReference; lastKnownFileType = image.png; path = "Face_white-17.png"; sourceTree = "<group>"; };
		27C3949216C813CA00046140 /* Face_white-18.png */ = {isa = PBXFileReference; lastKnownFileType = image.png; path = "Face_white-18.png"; sourceTree = "<group>"; };
		27C3949316C813CA00046140 /* Face_white-19.png */ = {isa = PBXFileReference; lastKnownFileType = image.png; path = "Face_white-19.png"; sourceTree = "<group>"; };
		27C3949416C813CA00046140 /* Face_white-20.png */ = {isa = PBXFileReference; lastKnownFileType = image.png; path = "Face_white-20.png"; sourceTree = "<group>"; };
		27C3949516C813CA00046140 /* Face_white-21.png */ = {isa = PBXFileReference; lastKnownFileType = image.png; path = "Face_white-21.png"; sourceTree = "<group>"; };
		27C3949616C813CA00046140 /* Face_white-22.png */ = {isa = PBXFileReference; lastKnownFileType = image.png; path = "Face_white-22.png"; sourceTree = "<group>"; };
		27C3949716C813CA00046140 /* Face_white-23.png */ = {isa = PBXFileReference; lastKnownFileType = image.png; path = "Face_white-23.png"; sourceTree = "<group>"; };
		27C3949816C813CA00046140 /* Face_white-24.png */ = {isa = PBXFileReference; lastKnownFileType = image.png; path = "Face_white-24.png"; sourceTree = "<group>"; };
		27C3949916C813CA00046140 /* Face_white-25.png */ = {isa = PBXFileReference; lastKnownFileType = image.png; path = "Face_white-25.png"; sourceTree = "<group>"; };
		27C3949A16C813CA00046140 /* Face_white-26.png */ = {isa = PBXFileReference; lastKnownFileType = image.png; path = "Face_white-26.png"; sourceTree = "<group>"; };
		27C3949B16C813CA00046140 /* Face_white-27.png */ = {isa = PBXFileReference; lastKnownFileType = image.png; path = "Face_white-27.png"; sourceTree = "<group>"; };
		27C3949C16C813CA00046140 /* Face_white-28.png */ = {isa = PBXFileReference; lastKnownFileType = image.png; path = "Face_white-28.png"; sourceTree = "<group>"; };
		27C3949D16C813CA00046140 /* Face_white-29.png */ = {isa = PBXFileReference; lastKnownFileType = image.png; path = "Face_white-29.png"; sourceTree = "<group>"; };
		27C3949E16C813CA00046140 /* Face_white-30.png */ = {isa = PBXFileReference; lastKnownFileType = image.png; path = "Face_white-30.png"; sourceTree = "<group>"; };
		27C3949F16C813CA00046140 /* Face_white-31.png */ = {isa = PBXFileReference; lastKnownFileType = image.png; path = "Face_white-31.png"; sourceTree = "<group>"; };
		27C394A016C813CA00046140 /* Face_white-32.png */ = {isa = PBXFileReference; lastKnownFileType = image.png; path = "Face_white-32.png"; sourceTree = "<group>"; };
		27C394A116C813CA00046140 /* Face_white-33.png */ = {isa = PBXFileReference; lastKnownFileType = image.png; path = "Face_white-33.png"; sourceTree = "<group>"; };
		27C394A216C813CA00046140 /* Face_white-34.png */ = {isa = PBXFileReference; lastKnownFileType = image.png; path = "Face_white-34.png"; sourceTree = "<group>"; };
		27C394A316C813CA00046140 /* Face_white-35.png */ = {isa = PBXFileReference; lastKnownFileType = image.png; path = "Face_white-35.png"; sourceTree = "<group>"; };
		27C394A416C813CA00046140 /* Face_white-36.png */ = {isa = PBXFileReference; lastKnownFileType = image.png; path = "Face_white-36.png"; sourceTree = "<group>"; };
		27C394A516C813CA00046140 /* Face_white-37.png */ = {isa = PBXFileReference; lastKnownFileType = image.png; path = "Face_white-37.png"; sourceTree = "<group>"; };
		27C394A616C813CA00046140 /* Face_white-38.png */ = {isa = PBXFileReference; lastKnownFileType = image.png; path = "Face_white-38.png"; sourceTree = "<group>"; };
		27C394A716C813CA00046140 /* Face_white-39.png */ = {isa = PBXFileReference; lastKnownFileType = image.png; path = "Face_white-39.png"; sourceTree = "<group>"; };
		27C394A816C813CA00046140 /* Face_white-40.png */ = {isa = PBXFileReference; lastKnownFileType = image.png; path = "Face_white-40.png"; sourceTree = "<group>"; };
		27C394A916C813CA00046140 /* Face_white-41.png */ = {isa = PBXFileReference; lastKnownFileType = image.png; path = "Face_white-41.png"; sourceTree = "<group>"; };
		27C394AA16C813CA00046140 /* Face_white-42.png */ = {isa = PBXFileReference; lastKnownFileType = image.png; path = "Face_white-42.png"; sourceTree = "<group>"; };
		27C394AB16C813CA00046140 /* Face_white-43.png */ = {isa = PBXFileReference; lastKnownFileType = image.png; path = "Face_white-43.png"; sourceTree = "<group>"; };
		27C394AC16C813CA00046140 /* Face_white-44.png */ = {isa = PBXFileReference; lastKnownFileType = image.png; path = "Face_white-44.png"; sourceTree = "<group>"; };
		27C394AD16C813CA00046140 /* Face_white-45.png */ = {isa = PBXFileReference; lastKnownFileType = image.png; path = "Face_white-45.png"; sourceTree = "<group>"; };
		27C394AE16C813CA00046140 /* Face_white-46.png */ = {isa = PBXFileReference; lastKnownFileType = image.png; path = "Face_white-46.png"; sourceTree = "<group>"; };
		27C394AF16C813CA00046140 /* Face_white-47.png */ = {isa = PBXFileReference; lastKnownFileType = image.png; path = "Face_white-47.png"; sourceTree = "<group>"; };
		27C394B016C813CA00046140 /* Face_white-48.png */ = {isa = PBXFileReference; lastKnownFileType = image.png; path = "Face_white-48.png"; sourceTree = "<group>"; };
		27C394B116C813CA00046140 /* Face_white-49.png */ = {isa = PBXFileReference; lastKnownFileType = image.png; path = "Face_white-49.png"; sourceTree = "<group>"; };
		27C394E316C81E0E00046140 /* IconSmall.png */ = {isa = PBXFileReference; lastKnownFileType = image.png; path = IconSmall.png; sourceTree = "<group>"; };
		27C394E516C81E1100046140 /* IconBig.png */ = {isa = PBXFileReference; lastKnownFileType = image.png; path = IconBig.png; sourceTree = "<group>"; };
		27C394E716C8220300046140 /* GradientFlip.png */ = {isa = PBXFileReference; lastKnownFileType = image.png; path = GradientFlip.png; sourceTree = "<group>"; };
		27C394E916C8222300046140 /* IconFlippedSmall.png */ = {isa = PBXFileReference; lastKnownFileType = image.png; path = IconFlippedSmall.png; sourceTree = "<group>"; };
		27C394EB16C8222500046140 /* IconFlippedBig.png */ = {isa = PBXFileReference; lastKnownFileType = image.png; path = IconFlippedBig.png; sourceTree = "<group>"; };
		27F96B1616C6B4A800A84F1F /* moodyfriends.app */ = {isa = PBXFileReference; explicitFileType = wrapper.application; includeInIndex = 0; path = moodyfriends.app; sourceTree = BUILT_PRODUCTS_DIR; };
		27F96B1916C6B4A800A84F1F /* UIKit.framework */ = {isa = PBXFileReference; lastKnownFileType = wrapper.framework; name = UIKit.framework; path = System/Library/Frameworks/UIKit.framework; sourceTree = SDKROOT; };
		27F96B1B16C6B4A800A84F1F /* Foundation.framework */ = {isa = PBXFileReference; lastKnownFileType = wrapper.framework; name = Foundation.framework; path = System/Library/Frameworks/Foundation.framework; sourceTree = SDKROOT; };
		27F96B1D16C6B4A800A84F1F /* CoreGraphics.framework */ = {isa = PBXFileReference; lastKnownFileType = wrapper.framework; name = CoreGraphics.framework; path = System/Library/Frameworks/CoreGraphics.framework; sourceTree = SDKROOT; };
		27F96B2116C6B4A800A84F1F /* moodyfriends-Info.plist */ = {isa = PBXFileReference; lastKnownFileType = text.plist.xml; path = "moodyfriends-Info.plist"; sourceTree = "<group>"; };
		27F96B2316C6B4A800A84F1F /* en */ = {isa = PBXFileReference; lastKnownFileType = text.plist.strings; name = en; path = en.lproj/InfoPlist.strings; sourceTree = "<group>"; };
		27F96B2516C6B4A800A84F1F /* main.m */ = {isa = PBXFileReference; lastKnownFileType = sourcecode.c.objc; path = main.m; sourceTree = "<group>"; };
		27F96B2716C6B4A800A84F1F /* moodyfriends-Prefix.pch */ = {isa = PBXFileReference; lastKnownFileType = sourcecode.c.h; path = "moodyfriends-Prefix.pch"; sourceTree = "<group>"; };
		27F96B2816C6B4A800A84F1F /* AppDelegate.h */ = {isa = PBXFileReference; lastKnownFileType = sourcecode.c.h; path = AppDelegate.h; sourceTree = "<group>"; };
		27F96B2916C6B4A800A84F1F /* AppDelegate.m */ = {isa = PBXFileReference; lastKnownFileType = sourcecode.c.objc; path = AppDelegate.m; sourceTree = "<group>"; };
		27F96B2B16C6B4A800A84F1F /* Default.png */ = {isa = PBXFileReference; lastKnownFileType = image.png; path = Default.png; sourceTree = "<group>"; };
		27F96B2D16C6B4A800A84F1F /* Default@2x.png */ = {isa = PBXFileReference; lastKnownFileType = image.png; path = "Default@2x.png"; sourceTree = "<group>"; };
		27F96B2F16C6B4A800A84F1F /* Default-568h@2x.png */ = {isa = PBXFileReference; lastKnownFileType = image.png; path = "Default-568h@2x.png"; sourceTree = "<group>"; };
		27F96B3216C6B4A800A84F1F /* en */ = {isa = PBXFileReference; lastKnownFileType = file.storyboard; name = en; path = en.lproj/MainStoryboard.storyboard; sourceTree = "<group>"; };
		27F96B3416C6B4A800A84F1F /* ViewController.h */ = {isa = PBXFileReference; lastKnownFileType = sourcecode.c.h; path = ViewController.h; sourceTree = "<group>"; };
		27F96B3516C6B4A800A84F1F /* ViewController.m */ = {isa = PBXFileReference; lastKnownFileType = sourcecode.c.objc; path = ViewController.m; sourceTree = "<group>"; };
		27F96B3C16C6B4A900A84F1F /* moodyfriendsTests.octest */ = {isa = PBXFileReference; explicitFileType = wrapper.cfbundle; includeInIndex = 0; path = moodyfriendsTests.octest; sourceTree = BUILT_PRODUCTS_DIR; };
		27F96B3D16C6B4A900A84F1F /* SenTestingKit.framework */ = {isa = PBXFileReference; lastKnownFileType = wrapper.framework; name = SenTestingKit.framework; path = Library/Frameworks/SenTestingKit.framework; sourceTree = DEVELOPER_DIR; };
		27F96B4516C6B4A900A84F1F /* moodyfriendsTests-Info.plist */ = {isa = PBXFileReference; lastKnownFileType = text.plist.xml; path = "moodyfriendsTests-Info.plist"; sourceTree = "<group>"; };
		27F96B4716C6B4A900A84F1F /* en */ = {isa = PBXFileReference; lastKnownFileType = text.plist.strings; name = en; path = en.lproj/InfoPlist.strings; sourceTree = "<group>"; };
		27F96B4916C6B4A900A84F1F /* moodyfriendsTests.h */ = {isa = PBXFileReference; lastKnownFileType = sourcecode.c.h; path = moodyfriendsTests.h; sourceTree = "<group>"; };
		27F96B4A16C6B4A900A84F1F /* moodyfriendsTests.m */ = {isa = PBXFileReference; lastKnownFileType = sourcecode.c.objc; path = moodyfriendsTests.m; sourceTree = "<group>"; };
/* End PBXFileReference section */

/* Begin PBXFrameworksBuildPhase section */
		27F96B1316C6B4A800A84F1F /* Frameworks */ = {
			isa = PBXFrameworksBuildPhase;
			buildActionMask = 2147483647;
			files = (
				2768DA0316C7312000F7B564 /* Twitter.framework in Frameworks */,
				2768DA0116C7306800F7B564 /* Accounts.framework in Frameworks */,
				2768D9FF16C7306400F7B564 /* Social.framework in Frameworks */,
				2768D9F716C70F8000F7B564 /* MapKit.framework in Frameworks */,
				2768D9D516C70E6F00F7B564 /* ImageIO.framework in Frameworks */,
				2768D9AA16C6ECF000F7B564 /* QuartzCore.framework in Frameworks */,
				27F96B1A16C6B4A800A84F1F /* UIKit.framework in Frameworks */,
				27F96B1C16C6B4A800A84F1F /* Foundation.framework in Frameworks */,
				27F96B1E16C6B4A800A84F1F /* CoreGraphics.framework in Frameworks */,
			);
			runOnlyForDeploymentPostprocessing = 0;
		};
		27F96B3816C6B4A900A84F1F /* Frameworks */ = {
			isa = PBXFrameworksBuildPhase;
			buildActionMask = 2147483647;
			files = (
				27F96B3E16C6B4A900A84F1F /* SenTestingKit.framework in Frameworks */,
				27F96B3F16C6B4A900A84F1F /* UIKit.framework in Frameworks */,
				27F96B4016C6B4A900A84F1F /* Foundation.framework in Frameworks */,
			);
			runOnlyForDeploymentPostprocessing = 0;
		};
/* End PBXFrameworksBuildPhase section */

/* Begin PBXGroup section */
		2768D9A016C6CB3D00F7B564 /* Images */ = {
			isa = PBXGroup;
			children = (
				27C3948016C813C200046140 /* Faces */,
				2768DA2216C76E9700F7B564 /* Landing.png */,
				2768DA2016C76E9100F7B564 /* Landing@2x.png */,
				2768DA1E16C74CCE00F7B564 /* Searchbar2@2x.png */,
				2768DA1C16C74CC500F7B564 /* Searchbar2.png */,
				2768DA1816C74BD900F7B564 /* smile1.png */,
				2768DA1916C74BD900F7B564 /* smile1@2x.png */,
				2768DA1616C7498200F7B564 /* Searchbar.png */,
				2768D9AF16C6FA3900F7B564 /* Shadown.png */,
				2768D9AD16C6F9E000F7B564 /* Shadown@2x.png */,
				2768D9AB16C6F05600F7B564 /* twit.png */,
				2768D9A116C6CB4700F7B564 /* IMG_0005.png */,
			);
			name = Images;
			sourceTree = "<group>";
		};
		2768D9D616C70F5B00F7B564 /* SDWebImage */ = {
			isa = PBXGroup;
			children = (
				2768D9D716C70F5B00F7B564 /* MKAnnotationView+WebCache.h */,
				2768D9D816C70F5B00F7B564 /* MKAnnotationView+WebCache.m */,
				2768D9D916C70F5B00F7B564 /* SDImageCache.h */,
				2768D9DA16C70F5B00F7B564 /* SDImageCache.m */,
				2768D9DB16C70F5B00F7B564 /* SDWebImageCompat.h */,
				2768D9DC16C70F5B00F7B564 /* SDWebImageCompat.m */,
				2768D9DD16C70F5B00F7B564 /* SDWebImageDecoder.h */,
				2768D9DE16C70F5B00F7B564 /* SDWebImageDecoder.m */,
				2768D9DF16C70F5B00F7B564 /* SDWebImageDownloader.h */,
				2768D9E016C70F5B00F7B564 /* SDWebImageDownloader.m */,
				2768D9E116C70F5B00F7B564 /* SDWebImageDownloaderOperation.h */,
				2768D9E216C70F5B00F7B564 /* SDWebImageDownloaderOperation.m */,
				2768D9E316C70F5B00F7B564 /* SDWebImageManager.h */,
				2768D9E416C70F5B00F7B564 /* SDWebImageManager.m */,
				2768D9E516C70F5B00F7B564 /* SDWebImageOperation.h */,
				2768D9E616C70F5B00F7B564 /* SDWebImagePrefetcher.h */,
				2768D9E716C70F5B00F7B564 /* SDWebImagePrefetcher.m */,
				2768D9E816C70F5B00F7B564 /* UIButton+WebCache.h */,
				2768D9E916C70F5B00F7B564 /* UIButton+WebCache.m */,
				2768D9EA16C70F5B00F7B564 /* UIImageView+WebCache.h */,
				2768D9EB16C70F5B00F7B564 /* UIImageView+WebCache.m */,
			);
			path = SDWebImage;
			sourceTree = "<group>";
		};
		2768DA0716C731B600F7B564 /* Vendor */ = {
			isa = PBXGroup;
			children = (
				2768DA0416C7314E00F7B564 /* TWSignedRequest.h */,
				2768DA0516C7314E00F7B564 /* TWSignedRequest.m */,
				2768D9FB16C7305700F7B564 /* TWAPIManager.h */,
				2768D9FC16C7305700F7B564 /* TWAPIManager.m */,
				2768DA0816C731B600F7B564 /* ABOAuthCore */,
			);
			path = Vendor;
			sourceTree = "<group>";
		};
		2768DA0816C731B600F7B564 /* ABOAuthCore */ = {
			isa = PBXGroup;
			children = (
				2768DA0916C731B600F7B564 /* NSData+Base64.h */,
				2768DA0A16C731B600F7B564 /* NSData+Base64.m */,
				2768DA0B16C731B600F7B564 /* OAuth+Additions.h */,
				2768DA0C16C731B600F7B564 /* OAuth+Additions.m */,
				2768DA0D16C731B600F7B564 /* OAuthCore.h */,
				2768DA0E16C731B600F7B564 /* OAuthCore.m */,
			);
			path = ABOAuthCore;
			sourceTree = "<group>";
		};
		27C3948016C813C200046140 /* Faces */ = {
			isa = PBXGroup;
			children = (
				27C394E716C8220300046140 /* GradientFlip.png */,
				27C3948116C813CA00046140 /* Face_white-1.png */,
				27C3948216C813CA00046140 /* Face_white-2.png */,
				27C3948316C813CA00046140 /* Face_white-3.png */,
				27C3948416C813CA00046140 /* Face_white-4.png */,
				27C3948516C813CA00046140 /* Face_white-5.png */,
				27C3948616C813CA00046140 /* Face_white-6.png */,
				27C3948716C813CA00046140 /* Face_white-7.png */,
				27C3948816C813CA00046140 /* Face_white-8.png */,
				27C3948916C813CA00046140 /* Face_white-9.png */,
				27C3948A16C813CA00046140 /* Face_white-10.png */,
				27C3948B16C813CA00046140 /* Face_white-11.png */,
				27C3948C16C813CA00046140 /* Face_white-12.png */,
				27C3948D16C813CA00046140 /* Face_white-13.png */,
				27C3948E16C813CA00046140 /* Face_white-14.png */,
				27C3948F16C813CA00046140 /* Face_white-15.png */,
				27C3949016C813CA00046140 /* Face_white-16.png */,
				27C3949116C813CA00046140 /* Face_white-17.png */,
				27C3949216C813CA00046140 /* Face_white-18.png */,
				27C3949316C813CA00046140 /* Face_white-19.png */,
				27C3949416C813CA00046140 /* Face_white-20.png */,
				27C3949516C813CA00046140 /* Face_white-21.png */,
				27C3949616C813CA00046140 /* Face_white-22.png */,
				27C3949716C813CA00046140 /* Face_white-23.png */,
				27C3949816C813CA00046140 /* Face_white-24.png */,
				27C3949916C813CA00046140 /* Face_white-25.png */,
				27C3949A16C813CA00046140 /* Face_white-26.png */,
				27C3949B16C813CA00046140 /* Face_white-27.png */,
				27C3949C16C813CA00046140 /* Face_white-28.png */,
				27C3949D16C813CA00046140 /* Face_white-29.png */,
				27C3949E16C813CA00046140 /* Face_white-30.png */,
				27C3949F16C813CA00046140 /* Face_white-31.png */,
				27C394A016C813CA00046140 /* Face_white-32.png */,
				27C394A116C813CA00046140 /* Face_white-33.png */,
				27C394A216C813CA00046140 /* Face_white-34.png */,
				27C394A316C813CA00046140 /* Face_white-35.png */,
				27C394A416C813CA00046140 /* Face_white-36.png */,
				27C394A516C813CA00046140 /* Face_white-37.png */,
				27C394A616C813CA00046140 /* Face_white-38.png */,
				27C394A716C813CA00046140 /* Face_white-39.png */,
				27C394A816C813CA00046140 /* Face_white-40.png */,
				27C394A916C813CA00046140 /* Face_white-41.png */,
				27C394AA16C813CA00046140 /* Face_white-42.png */,
				27C394AB16C813CA00046140 /* Face_white-43.png */,
				27C394AC16C813CA00046140 /* Face_white-44.png */,
				27C394AD16C813CA00046140 /* Face_white-45.png */,
				27C394AE16C813CA00046140 /* Face_white-46.png */,
				27C394AF16C813CA00046140 /* Face_white-47.png */,
				27C394B016C813CA00046140 /* Face_white-48.png */,
				27C394B116C813CA00046140 /* Face_white-49.png */,
			);
			name = Faces;
			sourceTree = "<group>";
		};
		27F96B0D16C6B4A800A84F1F = {
			isa = PBXGroup;
			children = (
				27C394EB16C8222500046140 /* IconFlippedBig.png */,
				27C394E916C8222300046140 /* IconFlippedSmall.png */,
				27C394E516C81E1100046140 /* IconBig.png */,
				27C394E316C81E0E00046140 /* IconSmall.png */,
				2768DA0216C7312000F7B564 /* Twitter.framework */,
				2768DA0016C7306800F7B564 /* Accounts.framework */,
				2768D9FE16C7306400F7B564 /* Social.framework */,
				2768D9F616C70F8000F7B564 /* MapKit.framework */,
				2768D9D416C70E6F00F7B564 /* ImageIO.framework */,
				2768D9A916C6ECF000F7B564 /* QuartzCore.framework */,
				27F96B1F16C6B4A800A84F1F /* moodyfriends */,
				27F96B4316C6B4A900A84F1F /* moodyfriendsTests */,
				27F96B1816C6B4A800A84F1F /* Frameworks */,
				27F96B1716C6B4A800A84F1F /* Products */,
			);
			sourceTree = "<group>";
		};
		27F96B1716C6B4A800A84F1F /* Products */ = {
			isa = PBXGroup;
			children = (
				27F96B1616C6B4A800A84F1F /* moodyfriends.app */,
				27F96B3C16C6B4A900A84F1F /* moodyfriendsTests.octest */,
			);
			name = Products;
			sourceTree = "<group>";
		};
		27F96B1816C6B4A800A84F1F /* Frameworks */ = {
			isa = PBXGroup;
			children = (
				27F96B1916C6B4A800A84F1F /* UIKit.framework */,
				27F96B1B16C6B4A800A84F1F /* Foundation.framework */,
				27F96B1D16C6B4A800A84F1F /* CoreGraphics.framework */,
				27F96B3D16C6B4A900A84F1F /* SenTestingKit.framework */,
			);
			name = Frameworks;
			sourceTree = "<group>";
		};
		27F96B1F16C6B4A800A84F1F /* moodyfriends */ = {
			isa = PBXGroup;
			children = (
				27F96B2816C6B4A800A84F1F /* AppDelegate.h */,
				27F96B2916C6B4A800A84F1F /* AppDelegate.m */,
				27F96B3116C6B4A800A84F1F /* MainStoryboard.storyboard */,
				27F96B3416C6B4A800A84F1F /* ViewController.h */,
				27F96B3516C6B4A800A84F1F /* ViewController.m */,
				2768D99D16C6C9C700F7B564 /* MainViewController.h */,
				2768D99E16C6C9C700F7B564 /* MainViewController.m */,
				2768D9A316C6E18F00F7B564 /* OtherUserViewController.h */,
				2768D9A416C6E18F00F7B564 /* OtherUserViewController.m */,
				2768D9A616C6E71D00F7B564 /* MyViewController.h */,
				2768D9A716C6E71E00F7B564 /* MyViewController.m */,
				2768D9B116C709BA00F7B564 /* ColorCell.h */,
				2768D9B216C709BA00F7B564 /* ColorCell.m */,
				2768D9F816C716BC00F7B564 /* TweetCell.h */,
				2768D9F916C716BC00F7B564 /* TweetCell.m */,
				2768DA0716C731B600F7B564 /* Vendor */,
				2768D9D616C70F5B00F7B564 /* SDWebImage */,
				27F96B2016C6B4A800A84F1F /* Supporting Files */,
			);
			path = moodyfriends;
			sourceTree = "<group>";
		};
		27F96B2016C6B4A800A84F1F /* Supporting Files */ = {
			isa = PBXGroup;
			children = (
				2768D9A016C6CB3D00F7B564 /* Images */,
				27F96B2116C6B4A800A84F1F /* moodyfriends-Info.plist */,
				27F96B2216C6B4A800A84F1F /* InfoPlist.strings */,
				27F96B2516C6B4A800A84F1F /* main.m */,
				27F96B2716C6B4A800A84F1F /* moodyfriends-Prefix.pch */,
				27F96B2B16C6B4A800A84F1F /* Default.png */,
				27F96B2D16C6B4A800A84F1F /* Default@2x.png */,
				27F96B2F16C6B4A800A84F1F /* Default-568h@2x.png */,
			);
			name = "Supporting Files";
			sourceTree = "<group>";
		};
		27F96B4316C6B4A900A84F1F /* moodyfriendsTests */ = {
			isa = PBXGroup;
			children = (
				27F96B4916C6B4A900A84F1F /* moodyfriendsTests.h */,
				27F96B4A16C6B4A900A84F1F /* moodyfriendsTests.m */,
				27F96B4416C6B4A900A84F1F /* Supporting Files */,
			);
			path = moodyfriendsTests;
			sourceTree = "<group>";
		};
		27F96B4416C6B4A900A84F1F /* Supporting Files */ = {
			isa = PBXGroup;
			children = (
				27F96B4516C6B4A900A84F1F /* moodyfriendsTests-Info.plist */,
				27F96B4616C6B4A900A84F1F /* InfoPlist.strings */,
			);
			name = "Supporting Files";
			sourceTree = "<group>";
		};
/* End PBXGroup section */

/* Begin PBXNativeTarget section */
		27F96B1516C6B4A800A84F1F /* moodyfriends */ = {
			isa = PBXNativeTarget;
			buildConfigurationList = 27F96B4E16C6B4A900A84F1F /* Build configuration list for PBXNativeTarget "moodyfriends" */;
			buildPhases = (
				27F96B1216C6B4A800A84F1F /* Sources */,
				27F96B1316C6B4A800A84F1F /* Frameworks */,
				27F96B1416C6B4A800A84F1F /* Resources */,
			);
			buildRules = (
			);
			dependencies = (
			);
			name = moodyfriends;
			productName = moodyfriends;
			productReference = 27F96B1616C6B4A800A84F1F /* moodyfriends.app */;
			productType = "com.apple.product-type.application";
		};
		27F96B3B16C6B4A900A84F1F /* moodyfriendsTests */ = {
			isa = PBXNativeTarget;
			buildConfigurationList = 27F96B5116C6B4A900A84F1F /* Build configuration list for PBXNativeTarget "moodyfriendsTests" */;
			buildPhases = (
				27F96B3716C6B4A900A84F1F /* Sources */,
				27F96B3816C6B4A900A84F1F /* Frameworks */,
				27F96B3916C6B4A900A84F1F /* Resources */,
				27F96B3A16C6B4A900A84F1F /* ShellScript */,
			);
			buildRules = (
			);
			dependencies = (
				27F96B4216C6B4A900A84F1F /* PBXTargetDependency */,
			);
			name = moodyfriendsTests;
			productName = moodyfriendsTests;
			productReference = 27F96B3C16C6B4A900A84F1F /* moodyfriendsTests.octest */;
			productType = "com.apple.product-type.bundle";
		};
/* End PBXNativeTarget section */

/* Begin PBXProject section */
		27F96B0E16C6B4A800A84F1F /* Project object */ = {
			isa = PBXProject;
			attributes = {
				LastUpgradeCheck = 0460;
				ORGANIZATIONNAME = "Kyle Langille";
			};
			buildConfigurationList = 27F96B1116C6B4A800A84F1F /* Build configuration list for PBXProject "moodyfriends" */;
			compatibilityVersion = "Xcode 3.2";
			developmentRegion = English;
			hasScannedForEncodings = 0;
			knownRegions = (
				en,
			);
			mainGroup = 27F96B0D16C6B4A800A84F1F;
			productRefGroup = 27F96B1716C6B4A800A84F1F /* Products */;
			projectDirPath = "";
			projectRoot = "";
			targets = (
				27F96B1516C6B4A800A84F1F /* moodyfriends */,
				27F96B3B16C6B4A900A84F1F /* moodyfriendsTests */,
			);
		};
/* End PBXProject section */

/* Begin PBXResourcesBuildPhase section */
		27F96B1416C6B4A800A84F1F /* Resources */ = {
			isa = PBXResourcesBuildPhase;
			buildActionMask = 2147483647;
			files = (
				27F96B2416C6B4A800A84F1F /* InfoPlist.strings in Resources */,
				27F96B2C16C6B4A800A84F1F /* Default.png in Resources */,
				27F96B2E16C6B4A800A84F1F /* Default@2x.png in Resources */,
				27F96B3016C6B4A800A84F1F /* Default-568h@2x.png in Resources */,
				27F96B3316C6B4A800A84F1F /* MainStoryboard.storyboard in Resources */,
				2768D9A216C6CB4700F7B564 /* IMG_0005.png in Resources */,
				2768D9AC16C6F05600F7B564 /* twit.png in Resources */,
				2768D9AE16C6F9E000F7B564 /* Shadown@2x.png in Resources */,
				2768D9B016C6FA3900F7B564 /* Shadown.png in Resources */,
				2768DA1716C7498200F7B564 /* Searchbar.png in Resources */,
				2768DA1A16C74BD900F7B564 /* smile1.png in Resources */,
				2768DA1B16C74BD900F7B564 /* smile1@2x.png in Resources */,
				2768DA1D16C74CC500F7B564 /* Searchbar2.png in Resources */,
				2768DA1F16C74CCE00F7B564 /* Searchbar2@2x.png in Resources */,
				2768DA2116C76E9100F7B564 /* Landing@2x.png in Resources */,
				2768DA2316C76E9700F7B564 /* Landing.png in Resources */,
				27C394B216C813CA00046140 /* Face_white-1.png in Resources */,
				27C394B316C813CA00046140 /* Face_white-2.png in Resources */,
				27C394B416C813CA00046140 /* Face_white-3.png in Resources */,
				27C394B516C813CA00046140 /* Face_white-4.png in Resources */,
				27C394B616C813CA00046140 /* Face_white-5.png in Resources */,
				27C394B716C813CA00046140 /* Face_white-6.png in Resources */,
				27C394B816C813CA00046140 /* Face_white-7.png in Resources */,
				27C394B916C813CA00046140 /* Face_white-8.png in Resources */,
				27C394BA16C813CA00046140 /* Face_white-9.png in Resources */,
				27C394BB16C813CA00046140 /* Face_white-10.png in Resources */,
				27C394BC16C813CA00046140 /* Face_white-11.png in Resources */,
				27C394BD16C813CA00046140 /* Face_white-12.png in Resources */,
				27C394BE16C813CA00046140 /* Face_white-13.png in Resources */,
				27C394BF16C813CA00046140 /* Face_white-14.png in Resources */,
				27C394C016C813CA00046140 /* Face_white-15.png in Resources */,
				27C394C116C813CA00046140 /* Face_white-16.png in Resources */,
				27C394C216C813CA00046140 /* Face_white-17.png in Resources */,
				27C394C316C813CA00046140 /* Face_white-18.png in Resources */,
				27C394C416C813CA00046140 /* Face_white-19.png in Resources */,
				27C394C516C813CA00046140 /* Face_white-20.png in Resources */,
				27C394C616C813CA00046140 /* Face_white-21.png in Resources */,
				27C394C716C813CA00046140 /* Face_white-22.png in Resources */,
				27C394C816C813CA00046140 /* Face_white-23.png in Resources */,
				27C394C916C813CA00046140 /* Face_white-24.png in Resources */,
				27C394CA16C813CA00046140 /* Face_white-25.png in Resources */,
				27C394CB16C813CA00046140 /* Face_white-26.png in Resources */,
				27C394CC16C813CA00046140 /* Face_white-27.png in Resources */,
				27C394CD16C813CA00046140 /* Face_white-28.png in Resources */,
				27C394CE16C813CA00046140 /* Face_white-29.png in Resources */,
				27C394CF16C813CA00046140 /* Face_white-30.png in Resources */,
				27C394D016C813CA00046140 /* Face_white-31.png in Resources */,
				27C394D116C813CA00046140 /* Face_white-32.png in Resources */,
				27C394D216C813CA00046140 /* Face_white-33.png in Resources */,
				27C394D316C813CA00046140 /* Face_white-34.png in Resources */,
				27C394D416C813CA00046140 /* Face_white-35.png in Resources */,
				27C394D516C813CA00046140 /* Face_white-36.png in Resources */,
				27C394D616C813CA00046140 /* Face_white-37.png in Resources */,
				27C394D716C813CA00046140 /* Face_white-38.png in Resources */,
				27C394D816C813CA00046140 /* Face_white-39.png in Resources */,
				27C394D916C813CA00046140 /* Face_white-40.png in Resources */,
				27C394DA16C813CA00046140 /* Face_white-41.png in Resources */,
				27C394DB16C813CA00046140 /* Face_white-42.png in Resources */,
				27C394DC16C813CA00046140 /* Face_white-43.png in Resources */,
				27C394DD16C813CA00046140 /* Face_white-44.png in Resources */,
				27C394DE16C813CA00046140 /* Face_white-45.png in Resources */,
				27C394DF16C813CA00046140 /* Face_white-46.png in Resources */,
				27C394E016C813CA00046140 /* Face_white-47.png in Resources */,
				27C394E116C813CA00046140 /* Face_white-48.png in Resources */,
				27C394E216C813CA00046140 /* Face_white-49.png in Resources */,
				27C394E416C81E0E00046140 /* IconSmall.png in Resources */,
				27C394E616C81E1100046140 /* IconBig.png in Resources */,
				27C394E816C8220300046140 /* GradientFlip.png in Resources */,
				27C394EA16C8222300046140 /* IconFlippedSmall.png in Resources */,
				27C394EC16C8222500046140 /* IconFlippedBig.png in Resources */,
			);
			runOnlyForDeploymentPostprocessing = 0;
		};
		27F96B3916C6B4A900A84F1F /* Resources */ = {
			isa = PBXResourcesBuildPhase;
			buildActionMask = 2147483647;
			files = (
				27F96B4816C6B4A900A84F1F /* InfoPlist.strings in Resources */,
			);
			runOnlyForDeploymentPostprocessing = 0;
		};
/* End PBXResourcesBuildPhase section */

/* Begin PBXShellScriptBuildPhase section */
		27F96B3A16C6B4A900A84F1F /* ShellScript */ = {
			isa = PBXShellScriptBuildPhase;
			buildActionMask = 2147483647;
			files = (
			);
			inputPaths = (
			);
			outputPaths = (
			);
			runOnlyForDeploymentPostprocessing = 0;
			shellPath = /bin/sh;
			shellScript = "# Run the unit tests in this test bundle.\n\"${SYSTEM_DEVELOPER_DIR}/Tools/RunUnitTests\"\n";
		};
/* End PBXShellScriptBuildPhase section */

/* Begin PBXSourcesBuildPhase section */
		27F96B1216C6B4A800A84F1F /* Sources */ = {
			isa = PBXSourcesBuildPhase;
			buildActionMask = 2147483647;
			files = (
				2768DA1316C7345500F7B564 /* TWSignedRequest.m in Sources */,
				2768DA1216C7344B00F7B564 /* TWAPIManager.m in Sources */,
				27F96B2616C6B4A800A84F1F /* main.m in Sources */,
				27F96B2A16C6B4A800A84F1F /* AppDelegate.m in Sources */,
				27F96B3616C6B4A800A84F1F /* ViewController.m in Sources */,
				2768D99F16C6C9C700F7B564 /* MainViewController.m in Sources */,
				2768D9A516C6E18F00F7B564 /* OtherUserViewController.m in Sources */,
				2768D9A816C6E71E00F7B564 /* MyViewController.m in Sources */,
				2768D9B316C709BA00F7B564 /* ColorCell.m in Sources */,
				2768D9EC16C70F5B00F7B564 /* MKAnnotationView+WebCache.m in Sources */,
				2768D9ED16C70F5B00F7B564 /* SDImageCache.m in Sources */,
				2768D9EE16C70F5B00F7B564 /* SDWebImageCompat.m in Sources */,
				2768D9EF16C70F5B00F7B564 /* SDWebImageDecoder.m in Sources */,
				2768D9F016C70F5B00F7B564 /* SDWebImageDownloader.m in Sources */,
				2768D9F116C70F5B00F7B564 /* SDWebImageDownloaderOperation.m in Sources */,
				2768D9F216C70F5B00F7B564 /* SDWebImageManager.m in Sources */,
				2768D9F316C70F5B00F7B564 /* SDWebImagePrefetcher.m in Sources */,
				2768D9F416C70F5B00F7B564 /* UIButton+WebCache.m in Sources */,
				2768D9F516C70F5B00F7B564 /* UIImageView+WebCache.m in Sources */,
				2768D9FA16C716BC00F7B564 /* TweetCell.m in Sources */,
				2768DA0F16C731B600F7B564 /* NSData+Base64.m in Sources */,
				2768DA1016C731B600F7B564 /* OAuth+Additions.m in Sources */,
				2768DA1116C731B600F7B564 /* OAuthCore.m in Sources */,
			);
			runOnlyForDeploymentPostprocessing = 0;
		};
		27F96B3716C6B4A900A84F1F /* Sources */ = {
			isa = PBXSourcesBuildPhase;
			buildActionMask = 2147483647;
			files = (
				27F96B4B16C6B4A900A84F1F /* moodyfriendsTests.m in Sources */,
				2768D9FD16C7305700F7B564 /* TWAPIManager.m in Sources */,
				2768DA0616C7314F00F7B564 /* TWSignedRequest.m in Sources */,
			);
			runOnlyForDeploymentPostprocessing = 0;
		};
/* End PBXSourcesBuildPhase section */

/* Begin PBXTargetDependency section */
		27F96B4216C6B4A900A84F1F /* PBXTargetDependency */ = {
			isa = PBXTargetDependency;
			target = 27F96B1516C6B4A800A84F1F /* moodyfriends */;
			targetProxy = 27F96B4116C6B4A900A84F1F /* PBXContainerItemProxy */;
		};
/* End PBXTargetDependency section */

/* Begin PBXVariantGroup section */
		27F96B2216C6B4A800A84F1F /* InfoPlist.strings */ = {
			isa = PBXVariantGroup;
			children = (
				27F96B2316C6B4A800A84F1F /* en */,
			);
			name = InfoPlist.strings;
			sourceTree = "<group>";
		};
		27F96B3116C6B4A800A84F1F /* MainStoryboard.storyboard */ = {
			isa = PBXVariantGroup;
			children = (
				27F96B3216C6B4A800A84F1F /* en */,
			);
			name = MainStoryboard.storyboard;
			sourceTree = "<group>";
		};
		27F96B4616C6B4A900A84F1F /* InfoPlist.strings */ = {
			isa = PBXVariantGroup;
			children = (
				27F96B4716C6B4A900A84F1F /* en */,
			);
			name = InfoPlist.strings;
			sourceTree = "<group>";
		};
/* End PBXVariantGroup section */

/* Begin XCBuildConfiguration section */
		27F96B4C16C6B4A900A84F1F /* Debug */ = {
			isa = XCBuildConfiguration;
			buildSettings = {
				ALWAYS_SEARCH_USER_PATHS = NO;
				CLANG_CXX_LANGUAGE_STANDARD = "gnu++0x";
				CLANG_CXX_LIBRARY = "libc++";
				CLANG_ENABLE_OBJC_ARC = YES;
				CLANG_WARN_CONSTANT_CONVERSION = YES;
				CLANG_WARN_EMPTY_BODY = YES;
				CLANG_WARN_ENUM_CONVERSION = YES;
				CLANG_WARN_INT_CONVERSION = YES;
				CLANG_WARN__DUPLICATE_METHOD_MATCH = YES;
				"CODE_SIGN_IDENTITY[sdk=iphoneos*]" = "iPhone Developer";
				COPY_PHASE_STRIP = NO;
				GCC_C_LANGUAGE_STANDARD = gnu99;
				GCC_DYNAMIC_NO_PIC = NO;
				GCC_OPTIMIZATION_LEVEL = 0;
				GCC_PREPROCESSOR_DEFINITIONS = (
					"DEBUG=1",
					"$(inherited)",
				);
				GCC_SYMBOLS_PRIVATE_EXTERN = NO;
				GCC_WARN_ABOUT_RETURN_TYPE = YES;
				GCC_WARN_UNINITIALIZED_AUTOS = YES;
				GCC_WARN_UNUSED_VARIABLE = YES;
				IPHONEOS_DEPLOYMENT_TARGET = 6.1;
				ONLY_ACTIVE_ARCH = YES;
				SDKROOT = iphoneos;
			};
			name = Debug;
		};
		27F96B4D16C6B4A900A84F1F /* Release */ = {
			isa = XCBuildConfiguration;
			buildSettings = {
				ALWAYS_SEARCH_USER_PATHS = NO;
				CLANG_CXX_LANGUAGE_STANDARD = "gnu++0x";
				CLANG_CXX_LIBRARY = "libc++";
				CLANG_ENABLE_OBJC_ARC = YES;
				CLANG_WARN_CONSTANT_CONVERSION = YES;
				CLANG_WARN_EMPTY_BODY = YES;
				CLANG_WARN_ENUM_CONVERSION = YES;
				CLANG_WARN_INT_CONVERSION = YES;
				CLANG_WARN__DUPLICATE_METHOD_MATCH = YES;
				"CODE_SIGN_IDENTITY[sdk=iphoneos*]" = "iPhone Developer";
				COPY_PHASE_STRIP = YES;
				GCC_C_LANGUAGE_STANDARD = gnu99;
				GCC_WARN_ABOUT_RETURN_TYPE = YES;
				GCC_WARN_UNINITIALIZED_AUTOS = YES;
				GCC_WARN_UNUSED_VARIABLE = YES;
				IPHONEOS_DEPLOYMENT_TARGET = 6.1;
				OTHER_CFLAGS = "-DNS_BLOCK_ASSERTIONS=1";
				SDKROOT = iphoneos;
				VALIDATE_PRODUCT = YES;
			};
			name = Release;
		};
		27F96B4F16C6B4A900A84F1F /* Debug */ = {
			isa = XCBuildConfiguration;
			buildSettings = {
				GCC_PRECOMPILE_PREFIX_HEADER = YES;
				GCC_PREFIX_HEADER = "moodyfriends/moodyfriends-Prefix.pch";
				INFOPLIST_FILE = "moodyfriends/moodyfriends-Info.plist";
				OTHER_LDFLAGS = "-ObjC";
				PRODUCT_NAME = "$(TARGET_NAME)";
				TWITTER_CONSUMER_KEY = u5FNT1fCM7eECCgksrIUg;
				TWITTER_CONSUMER_SECRET = P0oFlnMJdblaCffdgYSUXYdCvM089ugfiKYpN2cdfU;
				WRAPPER_EXTENSION = app;
			};
			name = Debug;
		};
		27F96B5016C6B4A900A84F1F /* Release */ = {
			isa = XCBuildConfiguration;
			buildSettings = {
				GCC_PRECOMPILE_PREFIX_HEADER = YES;
				GCC_PREFIX_HEADER = "moodyfriends/moodyfriends-Prefix.pch";
				INFOPLIST_FILE = "moodyfriends/moodyfriends-Info.plist";
				OTHER_LDFLAGS = "-ObjC";
				PRODUCT_NAME = "$(TARGET_NAME)";
				TWITTER_CONSUMER_KEY = u5FNT1fCM7eECCgksrIUg;
				TWITTER_CONSUMER_SECRET = P0oFlnMJdblaCffdgYSUXYdCvM089ugfiKYpN2cdfU;
				WRAPPER_EXTENSION = app;
			};
			name = Release;
		};
		27F96B5216C6B4A900A84F1F /* Debug */ = {
			isa = XCBuildConfiguration;
			buildSettings = {
				BUNDLE_LOADER = "$(BUILT_PRODUCTS_DIR)/moodyfriends.app/moodyfriends";
				FRAMEWORK_SEARCH_PATHS = (
					"\"$(SDKROOT)/Developer/Library/Frameworks\"",
					"\"$(DEVELOPER_LIBRARY_DIR)/Frameworks\"",
				);
				GCC_PRECOMPILE_PREFIX_HEADER = YES;
				GCC_PREFIX_HEADER = "moodyfriends/moodyfriends-Prefix.pch";
				INFOPLIST_FILE = "moodyfriendsTests/moodyfriendsTests-Info.plist";
				PRODUCT_NAME = "$(TARGET_NAME)";
				TEST_HOST = "$(BUNDLE_LOADER)";
				WRAPPER_EXTENSION = octest;
			};
			name = Debug;
		};
		27F96B5316C6B4A900A84F1F /* Release */ = {
			isa = XCBuildConfiguration;
			buildSettings = {
				BUNDLE_LOADER = "$(BUILT_PRODUCTS_DIR)/moodyfriends.app/moodyfriends";
				FRAMEWORK_SEARCH_PATHS = (
					"\"$(SDKROOT)/Developer/Library/Frameworks\"",
					"\"$(DEVELOPER_LIBRARY_DIR)/Frameworks\"",
				);
				GCC_PRECOMPILE_PREFIX_HEADER = YES;
				GCC_PREFIX_HEADER = "moodyfriends/moodyfriends-Prefix.pch";
				INFOPLIST_FILE = "moodyfriendsTests/moodyfriendsTests-Info.plist";
				PRODUCT_NAME = "$(TARGET_NAME)";
				TEST_HOST = "$(BUNDLE_LOADER)";
				WRAPPER_EXTENSION = octest;
			};
			name = Release;
		};
/* End XCBuildConfiguration section */

/* Begin XCConfigurationList section */
		27F96B1116C6B4A800A84F1F /* Build configuration list for PBXProject "moodyfriends" */ = {
			isa = XCConfigurationList;
			buildConfigurations = (
				27F96B4C16C6B4A900A84F1F /* Debug */,
				27F96B4D16C6B4A900A84F1F /* Release */,
			);
			defaultConfigurationIsVisible = 0;
			defaultConfigurationName = Release;
		};
		27F96B4E16C6B4A900A84F1F /* Build configuration list for PBXNativeTarget "moodyfriends" */ = {
			isa = XCConfigurationList;
			buildConfigurations = (
				27F96B4F16C6B4A900A84F1F /* Debug */,
				27F96B5016C6B4A900A84F1F /* Release */,
			);
			defaultConfigurationIsVisible = 0;
			defaultConfigurationName = Release;
		};
		27F96B5116C6B4A900A84F1F /* Build configuration list for PBXNativeTarget "moodyfriendsTests" */ = {
			isa = XCConfigurationList;
			buildConfigurations = (
				27F96B5216C6B4A900A84F1F /* Debug */,
				27F96B5316C6B4A900A84F1F /* Release */,
			);
			defaultConfigurationIsVisible = 0;
			defaultConfigurationName = Release;
		};
/* End XCConfigurationList section */
	};
	rootObject = 27F96B0E16C6B4A800A84F1F /* Project object */;
}
